
Microsoft Visual Studio Solution File, Format Version 12.00
# Visual Studio 2013
VisualStudioVersion = 12.0.31101.0
MinimumVisualStudioVersion = 10.0.40219.1
Project("{FAE04EC0-301F-11D3-BF4B-00C04F79EFBC}") = "WebApplication50", "WebApplication50\WebApplication50.csproj", "{92E3CC7F-E9CA-4A48-8CBF-F4D2DC97449C}"
EndProject
Global
	GlobalSection(SolutionConfigurationPlatforms) = preSolution
		Debug|Any CPU = Debug|Any CPU
		Release|Any CPU = Release|Any CPU
	EndGlobalSection
	GlobalSection(ProjectConfigurationPlatforms) = postSolution
		{92E3CC7F-E9CA-4A48-8CBF-F4D2DC97449C}.Debug|Any CPU.ActiveCfg = Debug|Any CPU
		{92E3CC7F-E9CA-4A48-8CBF-F4D2DC97449C}.Debug|Any CPU.Build.0 = Debug|Any CPU
		{92E3CC7F-E9CA-4A48-8CBF-F4D2DC97449C}.Release|Any CPU.ActiveCfg = Release|Any CPU
		{92E3CC7F-E9CA-4A48-8CBF-F4D2DC97449C}.Release|Any CPU.Build.0 = Release|Any CPU
	EndGlobalSection
	GlobalSection(SolutionProperties) = preSolution
		HideSolutionNode = FALSE
	EndGlobalSection
EndGlobal
